# THIS IS AN AUTOGENERATED FILE. DO NOT EDIT THIS FILE DIRECTLY.
# yarn lockfile v1
"@types/systemjs":
  version "0.19.31"
  resolved "https://registry.yarnpkg.com/@types/systemjs/-/systemjs-0.19.31.tgz#89f480f0c124d2f9a336011008af463ca24907db"

"@types/whatwg-fetch":
  version "0.0.32"
  resolved "https://registry.yarnpkg.com/@types/whatwg-fetch/-/whatwg-fetch-0.0.32.tgz#ded91dbae1e6ffb826f14b171a67e7f7e508d0c5"
  dependencies:
    "@types/whatwg-streams" "*"

"@types/whatwg-streams@*":
  version "0.0.1"
  resolved "https://registry.yarnpkg.com/@types/whatwg-streams/-/whatwg-streams-0.0.1.tgz#b9d8f23d8320939bea12dc7a48e530fdb21009b3"

lodash.isobject:
  version "3.0.2"
  resolved "https://registry.yarnpkg.com/lodash.isobject/-/lodash.isobject-3.0.2.tgz#3c8fb8d5b5bf4bf90ae06e14f2a530a4ed935e1d"

raw-loader@~0.5.1:
  version "0.5.1"
  resolved "https://registry.yarnpkg.com/raw-loader/-/raw-loader-0.5.1.tgz#0c3d0beaed8a01c966d9787bf778281252a979aa"

script-loader:
  version "0.7.0"
  resolved "https://registry.yarnpkg.com/script-loader/-/script-loader-0.7.0.tgz#685dc7e7069e0dee7a92674f0ebc5b0f55baa5ec"
  dependencies:
    raw-loader "~0.5.1"

systemjs:
  version "0.19.40"
  resolved "https://registry.yarnpkg.com/systemjs/-/systemjs-0.19.40.tgz#158f64a9f4ef541a7fda6b40e527ee46b6c54cd0"
  dependencies:
    when "^3.7.5"

whatwg-fetch:
  version "1.0.0"
  resolved "https://registry.yarnpkg.com/whatwg-fetch/-/whatwg-fetch-1.0.0.tgz#01c2ac4df40e236aaa18480e3be74bd5c8eb798e"

when@^3.7.5:
  version "3.7.7"
  resolved "https://registry.yarnpkg.com/when/-/when-3.7.7.tgz#aba03fc3bb736d6c88b091d013d8a8e590d84718"

